
Microsoft Visual Studio Solution File, Format Version 12.00
# Visual Studio 2012
Project("{FAE04EC0-301F-11D3-BF4B-00C04F79EFBC}") = "GitFunkcje", "GitFunkcje\GitFunkcje.csproj", "{E5AF5163-7FAC-4B08-8358-1909DBADA186}"
EndProject
Global
	GlobalSection(SolutionConfigurationPlatforms) = preSolution
		Debug|Any CPU = Debug|Any CPU
		Release|Any CPU = Release|Any CPU
	EndGlobalSection
	GlobalSection(ProjectConfigurationPlatforms) = postSolution
		{E5AF5163-7FAC-4B08-8358-1909DBADA186}.Debug|Any CPU.ActiveCfg = Debug|Any CPU
		{E5AF5163-7FAC-4B08-8358-1909DBADA186}.Debug|Any CPU.Build.0 = Debug|Any CPU
		{E5AF5163-7FAC-4B08-8358-1909DBADA186}.Release|Any CPU.ActiveCfg = Release|Any CPU
		{E5AF5163-7FAC-4B08-8358-1909DBADA186}.Release|Any CPU.Build.0 = Release|Any CPU
	EndGlobalSection
	GlobalSection(SolutionProperties) = preSolution
		HideSolutionNode = FALSE
	EndGlobalSection
EndGlobal
